
Microsoft Visual Studio Solution File, Format Version 12.00
# Visual Studio Version 16
VisualStudioVersion = 16.0.28803.352
MinimumVisualStudioVersion = 10.0.40219.1
Project("{9A19103F-16F7-4668-BE54-9A1E7A4F7556}") = "OdeToFood", "OdeToFood\OdeToFood.csproj", "{8D585C4C-7608-4C65-915B-BAC72F5BA758}"
EndProject
Project("{9A19103F-16F7-4668-BE54-9A1E7A4F7556}") = "OdeToFood.Core", "OdeToFood.Core\OdeToFood.Core.csproj", "{B13468A0-720A-43DA-8A69-65C8861CE1E3}"
EndProject
Project("{9A19103F-16F7-4668-BE54-9A1E7A4F7556}") = "OdeToFood.Data", "OdeToFood.Data\OdeToFood.Data.csproj", "{6FBD1313-8B6C-468A-ADF8-6CF1BF4E071D}"
EndProject
Global
	GlobalSection(SolutionConfigurationPlatforms) = preSolution
		Debug|Any CPU = Debug|Any CPU
		Release|Any CPU = Release|Any CPU
	EndGlobalSection
	GlobalSection(ProjectConfigurationPlatforms) = postSolution
		{8D585C4C-7608-4C65-915B-BAC72F5BA758}.Debug|Any CPU.ActiveCfg = Debug|Any CPU
		{8D585C4C-7608-4C65-915B-BAC72F5BA758}.Debug|Any CPU.Build.0 = Debug|Any CPU
		{8D585C4C-7608-4C65-915B-BAC72F5BA758}.Release|Any CPU.ActiveCfg = Release|Any CPU
		{8D585C4C-7608-4C65-915B-BAC72F5BA758}.Release|Any CPU.Build.0 = Release|Any CPU
		{B13468A0-720A-43DA-8A69-65C8861CE1E3}.Debug|Any CPU.ActiveCfg = Debug|Any CPU
		{B13468A0-720A-43DA-8A69-65C8861CE1E3}.Debug|Any CPU.Build.0 = Debug|Any CPU
		{B13468A0-720A-43DA-8A69-65C8861CE1E3}.Release|Any CPU.ActiveCfg = Release|Any CPU
		{B13468A0-720A-43DA-8A69-65C8861CE1E3}.Release|Any CPU.Build.0 = Release|Any CPU
		{6FBD1313-8B6C-468A-ADF8-6CF1BF4E071D}.Debug|Any CPU.ActiveCfg = Debug|Any CPU
		{6FBD1313-8B6C-468A-ADF8-6CF1BF4E071D}.Debug|Any CPU.Build.0 = Debug|Any CPU
		{6FBD1313-8B6C-468A-ADF8-6CF1BF4E071D}.Release|Any CPU.ActiveCfg = Release|Any CPU
		{6FBD1313-8B6C-468A-ADF8-6CF1BF4E071D}.Release|Any CPU.Build.0 = Release|Any CPU
	EndGlobalSection
	GlobalSection(SolutionProperties) = preSolution
		HideSolutionNode = FALSE
	EndGlobalSection
	GlobalSection(ExtensibilityGlobals) = postSolution
		SolutionGuid = {CA0CCBD1-F793-4BE8-B246-47965C320AFA}
	EndGlobalSection
EndGlobal
